// !$*UTF8*$!
{
	archiveVersion = 1;
	classes = {
	};
	objectVersion = 50;
	objects = {

/* Begin PBXBuildFile section */
		2DCE73C32087E8A100B986E4 /* AppDelegate.swift in Sources */ = {isa = PBXBuildFile; fileRef = 2DCE73C22087E8A100B986E4 /* AppDelegate.swift */; };
		2DCE73C52087E8A100B986E4 /* ViewController.swift in Sources */ = {isa = PBXBuildFile; fileRef = 2DCE73C42087E8A100B986E4 /* ViewController.swift */; };
		2DCE73C82087E8A100B986E4 /* Main.storyboard in Resources */ = {isa = PBXBuildFile; fileRef = 2DCE73C62087E8A100B986E4 /* Main.storyboard */; };
		2DCE73CB2087E8A100B986E4 /* HumanLearning.xcdatamodeld in Sources */ = {isa = PBXBuildFile; fileRef = 2DCE73C92087E8A100B986E4 /* HumanLearning.xcdatamodeld */; };
		2DCE73CD2087E8A200B986E4 /* Assets.xcassets in Resources */ = {isa = PBXBuildFile; fileRef = 2DCE73CC2087E8A200B986E4 /* Assets.xcassets */; };
		2DCE73D02087E8A200B986E4 /* LaunchScreen.storyboard in Resources */ = {isa = PBXBuildFile; fileRef = 2DCE73CE2087E8A200B986E4 /* LaunchScreen.storyboard */; };
		2DCE73DB2087E8A200B986E4 /* HumanLearningTests.swift in Sources */ = {isa = PBXBuildFile; fileRef = 2DCE73DA2087E8A200B986E4 /* HumanLearningTests.swift */; };
		2DCE73E62087E8A200B986E4 /* HumanLearningUITests.swift in Sources */ = {isa = PBXBuildFile; fileRef = 2DCE73E52087E8A200B986E4 /* HumanLearningUITests.swift */; };
/* End PBXBuildFile section */

/* Begin PBXContainerItemProxy section */
		2DCE73D72087E8A200B986E4 /* PBXContainerItemProxy */ = {
			isa = PBXContainerItemProxy;
			containerPortal = 2DCE73B72087E8A100B986E4 /* Project object */;
			proxyType = 1;
			remoteGlobalIDString = 2DCE73BE2087E8A100B986E4;
			remoteInfo = HumanLearning;
		};
		2DCE73E22087E8A200B986E4 /* PBXContainerItemProxy */ = {
			isa = PBXContainerItemProxy;
			containerPortal = 2DCE73B72087E8A100B986E4 /* Project object */;
			proxyType = 1;
			remoteGlobalIDString = 2DCE73BE2087E8A100B986E4;
			remoteInfo = HumanLearning;
		};
/* End PBXContainerItemProxy section */

/* Begin PBXFileReference section */
		2DCE73BF2087E8A100B986E4 /* HumanLearning.app */ = {isa = PBXFileReference; explicitFileType = wrapper.application; includeInIndex = 0; path = HumanLearning.app; sourceTree = BUILT_PRODUCTS_DIR; };
		2DCE73C22087E8A100B986E4 /* AppDelegate.swift */ = {isa = PBXFileReference; lastKnownFileType = sourcecode.swift; path = AppDelegate.swift; sourceTree = "<group>"; };
		2DCE73C42087E8A100B986E4 /* ViewController.swift */ = {isa = PBXFileReference; lastKnownFileType = sourcecode.swift; path = ViewController.swift; sourceTree = "<group>"; };
		2DCE73C72087E8A100B986E4 /* Base */ = {isa = PBXFileReference; lastKnownFileType = file.storyboard; name = Base; path = Base.lproj/Main.storyboard; sourceTree = "<group>"; };
		2DCE73CA2087E8A100B986E4 /* HumanLearning.xcdatamodel */ = {isa = PBXFileReference; lastKnownFileType = wrapper.xcdatamodel; path = HumanLearning.xcdatamodel; sourceTree = "<group>"; };
		2DCE73CC2087E8A200B986E4 /* Assets.xcassets */ = {isa = PBXFileReference; lastKnownFileType = folder.assetcatalog; path = Assets.xcassets; sourceTree = "<group>"; };
		2DCE73CF2087E8A200B986E4 /* Base */ = {isa = PBXFileReference; lastKnownFileType = file.storyboard; name = Base; path = Base.lproj/LaunchScreen.storyboard; sourceTree = "<group>"; };
		2DCE73D12087E8A200B986E4 /* Info.plist */ = {isa = PBXFileReference; lastKnownFileType = text.plist.xml; path = Info.plist; sourceTree = "<group>"; };
		2DCE73D62087E8A200B986E4 /* HumanLearningTests.xctest */ = {isa = PBXFileReference; explicitFileType = wrapper.cfbundle; includeInIndex = 0; path = HumanLearningTests.xctest; sourceTree = BUILT_PRODUCTS_DIR; };
		2DCE73DA2087E8A200B986E4 /* HumanLearningTests.swift */ = {isa = PBXFileReference; lastKnownFileType = sourcecode.swift; path = HumanLearningTests.swift; sourceTree = "<group>"; };
		2DCE73DC2087E8A200B986E4 /* Info.plist */ = {isa = PBXFileReference; lastKnownFileType = text.plist.xml; path = Info.plist; sourceTree = "<group>"; };
		2DCE73E12087E8A200B986E4 /* HumanLearningUITests.xctest */ = {isa = PBXFileReference; explicitFileType = wrapper.cfbundle; includeInIndex = 0; path = HumanLearningUITests.xctest; sourceTree = BUILT_PRODUCTS_DIR; };
		2DCE73E52087E8A200B986E4 /* HumanLearningUITests.swift */ = {isa = PBXFileReference; lastKnownFileType = sourcecode.swift; path = HumanLearningUITests.swift; sourceTree = "<group>"; };
		2DCE73E72087E8A200B986E4 /* Info.plist */ = {isa = PBXFileReference; lastKnownFileType = text.plist.xml; path = Info.plist; sourceTree = "<group>"; };
/* End PBXFileReference section */

/* Begin PBXFrameworksBuildPhase section */
		2DCE73BC2087E8A100B986E4 /* Frameworks */ = {
			isa = PBXFrameworksBuildPhase;
			buildActionMask = 2147483647;
			files = (
			);
			runOnlyForDeploymentPostprocessing = 0;
		};
		2DCE73D32087E8A200B986E4 /* Frameworks */ = {
			isa = PBXFrameworksBuildPhase;
			buildActionMask = 2147483647;
			files = (
			);
			runOnlyForDeploymentPostprocessing = 0;
		};
		2DCE73DE2087E8A200B986E4 /* Frameworks */ = {
			isa = PBXFrameworksBuildPhase;
			buildActionMask = 2147483647;
			files = (
			);
			runOnlyForDeploymentPostprocessing = 0;
		};
/* End PBXFrameworksBuildPhase section */

/* Begin PBXGroup section */
		2DCE73B62087E8A100B986E4 = {
			isa = PBXGroup;
			children = (
				2DCE73C12087E8A100B986E4 /* HumanLearning */,
				2DCE73D92087E8A200B986E4 /* HumanLearningTests */,
				2DCE73E42087E8A200B986E4 /* HumanLearningUITests */,
				2DCE73C02087E8A100B986E4 /* Products */,
			);
			sourceTree = "<group>";
		};
		2DCE73C02087E8A100B986E4 /* Products */ = {
			isa = PBXGroup;
			children = (
				2DCE73BF2087E8A100B986E4 /* HumanLearning.app */,
				2DCE73D62087E8A200B986E4 /* HumanLearningTests.xctest */,
				2DCE73E12087E8A200B986E4 /* HumanLearningUITests.xctest */,
			);
			name = Products;
			sourceTree = "<group>";
		};
		2DCE73C12087E8A100B986E4 /* HumanLearning */ = {
			isa = PBXGroup;
			children = (
				2DCE73C22087E8A100B986E4 /* AppDelegate.swift */,
				2DCE73C42087E8A100B986E4 /* ViewController.swift */,
				2DCE73C62087E8A100B986E4 /* Main.storyboard */,
				2DCE73CC2087E8A200B986E4 /* Assets.xcassets */,
				2DCE73CE2087E8A200B986E4 /* LaunchScreen.storyboard */,
				2DCE73D12087E8A200B986E4 /* Info.plist */,
				2DCE73C92087E8A100B986E4 /* HumanLearning.xcdatamodeld */,
			);
			path = HumanLearning;
			sourceTree = "<group>";
		};
		2DCE73D92087E8A200B986E4 /* HumanLearningTests */ = {
			isa = PBXGroup;
			children = (
				2DCE73DA2087E8A200B986E4 /* HumanLearningTests.swift */,
				2DCE73DC2087E8A200B986E4 /* Info.plist */,
			);
			path = HumanLearningTests;
			sourceTree = "<group>";
		};
		2DCE73E42087E8A200B986E4 /* HumanLearningUITests */ = {
			isa = PBXGroup;
			children = (
				2DCE73E52087E8A200B986E4 /* HumanLearningUITests.swift */,
				2DCE73E72087E8A200B986E4 /* Info.plist */,
			);
			path = HumanLearningUITests;
			sourceTree = "<group>";
		};
/* End PBXGroup section */

/* Begin PBXNativeTarget section */
		2DCE73BE2087E8A100B986E4 /* HumanLearning */ = {
			isa = PBXNativeTarget;
			buildConfigurationList = 2DCE73EA2087E8A200B986E4 /* Build configuration list for PBXNativeTarget "HumanLearning" */;
			buildPhases = (
				2DCE73BB2087E8A100B986E4 /* Sources */,
				2DCE73BC2087E8A100B986E4 /* Frameworks */,
				2DCE73BD2087E8A100B986E4 /* Resources */,
			);
			buildRules = (
			);
			dependencies = (
			);
			name = HumanLearning;
			productName = HumanLearning;
			productReference = 2DCE73BF2087E8A100B986E4 /* HumanLearning.app */;
			productType = "com.apple.product-type.application";
		};
		2DCE73D52087E8A200B986E4 /* HumanLearningTests */ = {
			isa = PBXNativeTarget;
			buildConfigurationList = 2DCE73ED2087E8A200B986E4 /* Build configuration list for PBXNativeTarget "HumanLearningTests" */;
			buildPhases = (
				2DCE73D22087E8A200B986E4 /* Sources */,
				2DCE73D32087E8A200B986E4 /* Frameworks */,
				2DCE73D42087E8A200B986E4 /* Resources */,
			);
			buildRules = (
			);
			dependencies = (
				2DCE73D82087E8A200B986E4 /* PBXTargetDependency */,
			);
			name = HumanLearningTests;
			productName = HumanLearningTests;
			productReference = 2DCE73D62087E8A200B986E4 /* HumanLearningTests.xctest */;
			productType = "com.apple.product-type.bundle.unit-test";
		};
		2DCE73E02087E8A200B986E4 /* HumanLearningUITests */ = {
			isa = PBXNativeTarget;
			buildConfigurationList = 2DCE73F02087E8A200B986E4 /* Build configuration list for PBXNativeTarget "HumanLearningUITests" */;
			buildPhases = (
				2DCE73DD2087E8A200B986E4 /* Sources */,
				2DCE73DE2087E8A200B986E4 /* Frameworks */,
				2DCE73DF2087E8A200B986E4 /* Resources */,
			);
			buildRules = (
			);
			dependencies = (
				2DCE73E32087E8A200B986E4 /* PBXTargetDependency */,
			);
			name = HumanLearningUITests;
			productName = HumanLearningUITests;
			productReference = 2DCE73E12087E8A200B986E4 /* HumanLearningUITests.xctest */;
			productType = "com.apple.product-type.bundle.ui-testing";
		};
/* End PBXNativeTarget section */

/* Begin PBXProject section */
		2DCE73B72087E8A100B986E4 /* Project object */ = {
			isa = PBXProject;
			attributes = {
				LastSwiftUpdateCheck = 0930;
				LastUpgradeCheck = 0930;
				ORGANIZATIONNAME = "Matthew Morrison";
				TargetAttributes = {
					2DCE73BE2087E8A100B986E4 = {
						CreatedOnToolsVersion = 9.3;
					};
					2DCE73D52087E8A200B986E4 = {
						CreatedOnToolsVersion = 9.3;
						TestTargetID = 2DCE73BE2087E8A100B986E4;
					};
					2DCE73E02087E8A200B986E4 = {
						CreatedOnToolsVersion = 9.3;
						TestTargetID = 2DCE73BE2087E8A100B986E4;
					};
				};
			};
			buildConfigurationList = 2DCE73BA2087E8A100B986E4 /* Build configuration list for PBXProject "HumanLearning" */;
			compatibilityVersion = "Xcode 9.3";
			developmentRegion = en;
			hasScannedForEncodings = 0;
			knownRegions = (
				en,
				Base,
			);
			mainGroup = 2DCE73B62087E8A100B986E4;
			productRefGroup = 2DCE73C02087E8A100B986E4 /* Products */;
			projectDirPath = "";
			projectRoot = "";
			targets = (
				2DCE73BE2087E8A100B986E4 /* HumanLearning */,
				2DCE73D52087E8A200B986E4 /* HumanLearningTests */,
				2DCE73E02087E8A200B986E4 /* HumanLearningUITests */,
			);
		};
/* End PBXProject section */

/* Begin PBXResourcesBuildPhase section */
		2DCE73BD2087E8A100B986E4 /* Resources */ = {
			isa = PBXResourcesBuildPhase;
			buildActionMask = 2147483647;
			files = (
				2DCE73D02087E8A200B986E4 /* LaunchScreen.storyboard in Resources */,
				2DCE73CD2087E8A200B986E4 /* Assets.xcassets in Resources */,
				2DCE73C82087E8A100B986E4 /* Main.storyboard in Resources */,
			);
			runOnlyForDeploymentPostprocessing = 0;
		};
		2DCE73D42087E8A200B986E4 /* Resources */ = {
			isa = PBXResourcesBuildPhase;
			buildActionMask = 2147483647;
			files = (
			);
			runOnlyForDeploymentPostprocessing = 0;
		};
		2DCE73DF2087E8A200B986E4 /* Resources */ = {
			isa = PBXResourcesBuildPhase;
			buildActionMask = 2147483647;
			files = (
			);
			runOnlyForDeploymentPostprocessing = 0;
		};
/* End PBXResourcesBuildPhase section */

/* Begin PBXSourcesBuildPhase section */
		2DCE73BB2087E8A100B986E4 /* Sources */ = {
			isa = PBXSourcesBuildPhase;
			buildActionMask = 2147483647;
			files = (
				2DCE73C52087E8A100B986E4 /* ViewController.swift in Sources */,
				2DCE73CB2087E8A100B986E4 /* HumanLearning.xcdatamodeld in Sources */,
				2DCE73C32087E8A100B986E4 /* AppDelegate.swift in Sources */,
			);
			runOnlyForDeploymentPostprocessing = 0;
		};
		2DCE73D22087E8A200B986E4 /* Sources */ = {
			isa = PBXSourcesBuildPhase;
			buildActionMask = 2147483647;
			files = (
				2DCE73DB2087E8A200B986E4 /* HumanLearningTests.swift in Sources */,
			);
			runOnlyForDeploymentPostprocessing = 0;
		};
		2DCE73DD2087E8A200B986E4 /* Sources */ = {
			isa = PBXSourcesBuildPhase;
			buildActionMask = 2147483647;
			files = (
				2DCE73E62087E8A200B986E4 /* HumanLearningUITests.swift in Sources */,
			);
			runOnlyForDeploymentPostprocessing = 0;
		};
/* End PBXSourcesBuildPhase section */

/* Begin PBXTargetDependency section */
		2DCE73D82087E8A200B986E4 /* PBXTargetDependency */ = {
			isa = PBXTargetDependency;
			target = 2DCE73BE2087E8A100B986E4 /* HumanLearning */;
			targetProxy = 2DCE73D72087E8A200B986E4 /* PBXContainerItemProxy */;
		};
		2DCE73E32087E8A200B986E4 /* PBXTargetDependency */ = {
			isa = PBXTargetDependency;
			target = 2DCE73BE2087E8A100B986E4 /* HumanLearning */;
			targetProxy = 2DCE73E22087E8A200B986E4 /* PBXContainerItemProxy */;
		};
/* End PBXTargetDependency section */

/* Begin PBXVariantGroup section */
		2DCE73C62087E8A100B986E4 /* Main.storyboard */ = {
			isa = PBXVariantGroup;
			children = (
				2DCE73C72087E8A100B986E4 /* Base */,
			);
			name = Main.storyboard;
			sourceTree = "<group>";
		};
		2DCE73CE2087E8A200B986E4 /* LaunchScreen.storyboard */ = {
			isa = PBXVariantGroup;
			children = (
				2DCE73CF2087E8A200B986E4 /* Base */,
			);
			name = LaunchScreen.storyboard;
			sourceTree = "<group>";
		};
/* End PBXVariantGroup section */

/* Begin XCBuildConfiguration section */
		2DCE73E82087E8A200B986E4 /* Debug */ = {
			isa = XCBuildConfiguration;
			buildSettings = {
				ALWAYS_SEARCH_USER_PATHS = NO;
				CLANG_ANALYZER_NONNULL = YES;
				CLANG_ANALYZER_NUMBER_OBJECT_CONVERSION = YES_AGGRESSIVE;
				CLANG_CXX_LANGUAGE_STANDARD = "gnu++14";
				CLANG_CXX_LIBRARY = "libc++";
				CLANG_ENABLE_MODULES = YES;
				CLANG_ENABLE_OBJC_ARC = YES;
				CLANG_ENABLE_OBJC_WEAK = YES;
				CLANG_WARN_BLOCK_CAPTURE_AUTORELEASING = YES;
				CLANG_WARN_BOOL_CONVERSION = YES;
				CLANG_WARN_COMMA = YES;
				CLANG_WARN_CONSTANT_CONVERSION = YES;
				CLANG_WARN_DEPRECATED_OBJC_IMPLEMENTATIONS = YES;
				CLANG_WARN_DIRECT_OBJC_ISA_USAGE = YES_ERROR;
				CLANG_WARN_DOCUMENTATION_COMMENTS = YES;
				CLANG_WARN_EMPTY_BODY = YES;
				CLANG_WARN_ENUM_CONVERSION = YES;
				CLANG_WARN_INFINITE_RECURSION = YES;
				CLANG_WARN_INT_CONVERSION = YES;
				CLANG_WARN_NON_LITERAL_NULL_CONVERSION = YES;
				CLANG_WARN_OBJC_IMPLICIT_RETAIN_SELF = YES;
				CLANG_WARN_OBJC_LITERAL_CONVERSION = YES;
				CLANG_WARN_OBJC_ROOT_CLASS = YES_ERROR;
				CLANG_WARN_RANGE_LOOP_ANALYSIS = YES;
				CLANG_WARN_STRICT_PROTOTYPES = YES;
				CLANG_WARN_SUSPICIOUS_MOVE = YES;
				CLANG_WARN_UNGUARDED_AVAILABILITY = YES_AGGRESSIVE;
				CLANG_WARN_UNREACHABLE_CODE = YES;
				CLANG_WARN__DUPLICATE_METHOD_MATCH = YES;
				CODE_SIGN_IDENTITY = "iPhone Developer";
				COPY_PHASE_STRIP = NO;
				DEBUG_INFORMATION_FORMAT = dwarf;
				ENABLE_STRICT_OBJC_MSGSEND = YES;
				ENABLE_TESTABILITY = YES;
				GCC_C_LANGUAGE_STANDARD = gnu11;
				GCC_DYNAMIC_NO_PIC = NO;
				GCC_NO_COMMON_BLOCKS = YES;
				GCC_OPTIMIZATION_LEVEL = 0;
				GCC_PREPROCESSOR_DEFINITIONS = (
					"DEBUG=1",
					"$(inherited)",
				);
				GCC_WARN_64_TO_32_BIT_CONVERSION = YES;
				GCC_WARN_ABOUT_RETURN_TYPE = YES_ERROR;
				GCC_WARN_UNDECLARED_SELECTOR = YES;
				GCC_WARN_UNINITIALIZED_AUTOS = YES_AGGRESSIVE;
				GCC_WARN_UNUSED_FUNCTION = YES;
				GCC_WARN_UNUSED_VARIABLE = YES;
				IPHONEOS_DEPLOYMENT_TARGET = 11.3;
				MTL_ENABLE_DEBUG_INFO = YES;
				ONLY_ACTIVE_ARCH = YES;
				SDKROOT = iphoneos;
				SWIFT_ACTIVE_COMPILATION_CONDITIONS = DEBUG;
				SWIFT_OPTIMIZATION_LEVEL = "-Onone";
			};
			name = Debug;
		};
		2DCE73E92087E8A200B986E4 /* Release */ = {
			isa = XCBuildConfiguration;
			buildSettings = {
				ALWAYS_SEARCH_USER_PATHS = NO;
				CLANG_ANALYZER_NONNULL = YES;
				CLANG_ANALYZER_NUMBER_OBJECT_CONVERSION = YES_AGGRESSIVE;
				CLANG_CXX_LANGUAGE_STANDARD = "gnu++14";
				CLANG_CXX_LIBRARY = "libc++";
				CLANG_ENABLE_MODULES = YES;
				CLANG_ENABLE_OBJC_ARC = YES;
				CLANG_ENABLE_OBJC_WEAK = YES;
				CLANG_WARN_BLOCK_CAPTURE_AUTORELEASING = YES;
				CLANG_WARN_BOOL_CONVERSION = YES;
				CLANG_WARN_COMMA = YES;
				CLANG_WARN_CONSTANT_CONVERSION = YES;
				CLANG_WARN_DEPRECATED_OBJC_IMPLEMENTATIONS = YES;
				CLANG_WARN_DIRECT_OBJC_ISA_USAGE = YES_ERROR;
				CLANG_WARN_DOCUMENTATION_COMMENTS = YES;
				CLANG_WARN_EMPTY_BODY = YES;
				CLANG_WARN_ENUM_CONVERSION = YES;
				CLANG_WARN_INFINITE_RECURSION = YES;
				CLANG_WARN_INT_CONVERSION = YES;
				CLANG_WARN_NON_LITERAL_NULL_CONVERSION = YES;
				CLANG_WARN_OBJC_IMPLICIT_RETAIN_SELF = YES;
				CLANG_WARN_OBJC_LITERAL_CONVERSION = YES;
				CLANG_WARN_OBJC_ROOT_CLASS = YES_ERROR;
				CLANG_WARN_RANGE_LOOP_ANALYSIS = YES;
				CLANG_WARN_STRICT_PROTOTYPES = YES;
				CLANG_WARN_SUSPICIOUS_MOVE = YES;
				CLANG_WARN_UNGUARDED_AVAILABILITY = YES_AGGRESSIVE;
				CLANG_WARN_UNREACHABLE_CODE = YES;
				CLANG_WARN__DUPLICATE_METHOD_MATCH = YES;
				CODE_SIGN_IDENTITY = "iPhone Developer";
				COPY_PHASE_STRIP = NO;
				DEBUG_INFORMATION_FORMAT = "dwarf-with-dsym";
				ENABLE_NS_ASSERTIONS = NO;
				ENABLE_STRICT_OBJC_MSGSEND = YES;
				GCC_C_LANGUAGE_STANDARD = gnu11;
				GCC_NO_COMMON_BLOCKS = YES;
				GCC_WARN_64_TO_32_BIT_CONVERSION = YES;
				GCC_WARN_ABOUT_RETURN_TYPE = YES_ERROR;
				GCC_WARN_UNDECLARED_SELECTOR = YES;
				GCC_WARN_UNINITIALIZED_AUTOS = YES_AGGRESSIVE;
				GCC_WARN_UNUSED_FUNCTION = YES;
				GCC_WARN_UNUSED_VARIABLE = YES;
				IPHONEOS_DEPLOYMENT_TARGET = 11.3;
				MTL_ENABLE_DEBUG_INFO = NO;
				SDKROOT = iphoneos;
				SWIFT_COMPILATION_MODE = wholemodule;
				SWIFT_OPTIMIZATION_LEVEL = "-O";
				VALIDATE_PRODUCT = YES;
			};
			name = Release;
		};
		2DCE73EB2087E8A200B986E4 /* Debug */ = {
			isa = XCBuildConfiguration;
			buildSettings = {
				ASSETCATALOG_COMPILER_APPICON_NAME = AppIcon;
				CODE_SIGN_STYLE = Automatic;
				INFOPLIST_FILE = HumanLearning/Info.plist;
				LD_RUNPATH_SEARCH_PATHS = (
					"$(inherited)",
					"@executable_path/Frameworks",
				);
				PRODUCT_BUNDLE_IDENTIFIER = com.mattymorrison.HumanLearning;
				PRODUCT_NAME = "$(TARGET_NAME)";
				SWIFT_VERSION = 4.0;
				TARGETED_DEVICE_FAMILY = "1,2";
			};
			name = Debug;
		};
		2DCE73EC2087E8A200B986E4 /* Release */ = {
			isa = XCBuildConfiguration;
			buildSettings = {
				ASSETCATALOG_COMPILER_APPICON_NAME = AppIcon;
				CODE_SIGN_STYLE = Automatic;
				INFOPLIST_FILE = HumanLearning/Info.plist;
				LD_RUNPATH_SEARCH_PATHS = (
					"$(inherited)",
					"@executable_path/Frameworks",
				);
				PRODUCT_BUNDLE_IDENTIFIER = com.mattymorrison.HumanLearning;
				PRODUCT_NAME = "$(TARGET_NAME)";
				SWIFT_VERSION = 4.0;
				TARGETED_DEVICE_FAMILY = "1,2";
			};
			name = Release;
		};
		2DCE73EE2087E8A200B986E4 /* Debug */ = {
			isa = XCBuildConfiguration;
			buildSettings = {
				ALWAYS_EMBED_SWIFT_STANDARD_LIBRARIES = YES;
				BUNDLE_LOADER = "$(TEST_HOST)";
				CODE_SIGN_STYLE = Automatic;
				INFOPLIST_FILE = HumanLearningTests/Info.plist;
				LD_RUNPATH_SEARCH_PATHS = (
					"$(inherited)",
					"@executable_path/Frameworks",
					"@loader_path/Frameworks",
				);
				PRODUCT_BUNDLE_IDENTIFIER = com.mattymorrison.HumanLearningTests;
				PRODUCT_NAME = "$(TARGET_NAME)";
				SWIFT_VERSION = 4.0;
				TARGETED_DEVICE_FAMILY = "1,2";
				TEST_HOST = "$(BUILT_PRODUCTS_DIR)/HumanLearning.app/HumanLearning";
			};
			name = Debug;
		};
		2DCE73EF2087E8A200B986E4 /* Release */ = {
			isa = XCBuildConfiguration;
			buildSettings = {
				ALWAYS_EMBED_SWIFT_STANDARD_LIBRARIES = YES;
				BUNDLE_LOADER = "$(TEST_HOST)";
				CODE_SIGN_STYLE = Automatic;
				INFOPLIST_FILE = HumanLearningTests/Info.plist;
				LD_RUNPATH_SEARCH_PATHS = (
					"$(inherited)",
					"@executable_path/Frameworks",
					"@loader_path/Frameworks",
				);
				PRODUCT_BUNDLE_IDENTIFIER = com.mattymorrison.HumanLearningTests;
				PRODUCT_NAME = "$(TARGET_NAME)";
				SWIFT_VERSION = 4.0;
				TARGETED_DEVICE_FAMILY = "1,2";
				TEST_HOST = "$(BUILT_PRODUCTS_DIR)/HumanLearning.app/HumanLearning";
			};
			name = Release;
		};
		2DCE73F12087E8A200B986E4 /* Debug */ = {
			isa = XCBuildConfiguration;
			buildSettings = {
				ALWAYS_EMBED_SWIFT_STANDARD_LIBRARIES = YES;
				CODE_SIGN_STYLE = Automatic;
				INFOPLIST_FILE = HumanLearningUITests/Info.plist;
				LD_RUNPATH_SEARCH_PATHS = (
					"$(inherited)",
					"@executable_path/Frameworks",
					"@loader_path/Frameworks",
				);
				PRODUCT_BUNDLE_IDENTIFIER = com.mattymorrison.HumanLearningUITests;
				PRODUCT_NAME = "$(TARGET_NAME)";
				SWIFT_VERSION = 4.0;
				TARGETED_DEVICE_FAMILY = "1,2";
				TEST_TARGET_NAME = HumanLearning;
			};
			name = Debug;
		};
		2DCE73F22087E8A200B986E4 /* Release */ = {
			isa = XCBuildConfiguration;
			buildSettings = {
				ALWAYS_EMBED_SWIFT_STANDARD_LIBRARIES = YES;
				CODE_SIGN_STYLE = Automatic;
				INFOPLIST_FILE = HumanLearningUITests/Info.plist;
				LD_RUNPATH_SEARCH_PATHS = (
					"$(inherited)",
					"@executable_path/Frameworks",
					"@loader_path/Frameworks",
				);
				PRODUCT_BUNDLE_IDENTIFIER = com.mattymorrison.HumanLearningUITests;
				PRODUCT_NAME = "$(TARGET_NAME)";
				SWIFT_VERSION = 4.0;
				TARGETED_DEVICE_FAMILY = "1,2";
				TEST_TARGET_NAME = HumanLearning;
			};
			name = Release;
		};
/* End XCBuildConfiguration section */

/* Begin XCConfigurationList section */
		2DCE73BA2087E8A100B986E4 /* Build configuration list for PBXProject "HumanLearning" */ = {
			isa = XCConfigurationList;
			buildConfigurations = (
				2DCE73E82087E8A200B986E4 /* Debug */,
				2DCE73E92087E8A200B986E4 /* Release */,
			);
			defaultConfigurationIsVisible = 0;
			defaultConfigurationName = Release;
		};
		2DCE73EA2087E8A200B986E4 /* Build configuration list for PBXNativeTarget "HumanLearning" */ = {
			isa = XCConfigurationList;
			buildConfigurations = (
				2DCE73EB2087E8A200B986E4 /* Debug */,
				2DCE73EC2087E8A200B986E4 /* Release */,
			);
			defaultConfigurationIsVisible = 0;
			defaultConfigurationName = Release;
		};
		2DCE73ED2087E8A200B986E4 /* Build configuration list for PBXNativeTarget "HumanLearningTests" */ = {
			isa = XCConfigurationList;
			buildConfigurations = (
				2DCE73EE2087E8A200B986E4 /* Debug */,
				2DCE73EF2087E8A200B986E4 /* Release */,
			);
			defaultConfigurationIsVisible = 0;
			defaultConfigurationName = Release;
		};
		2DCE73F02087E8A200B986E4 /* Build configuration list for PBXNativeTarget "HumanLearningUITests" */ = {
			isa = XCConfigurationList;
			buildConfigurations = (
				2DCE73F12087E8A200B986E4 /* Debug */,
				2DCE73F22087E8A200B986E4 /* Release */,
			);
			defaultConfigurationIsVisible = 0;
			defaultConfigurationName = Release;
		};
/* End XCConfigurationList section */

/* Begin XCVersionGroup section */
		2DCE73C92087E8A100B986E4 /* HumanLearning.xcdatamodeld */ = {
			isa = XCVersionGroup;
			children = (
				2DCE73CA2087E8A100B986E4 /* HumanLearning.xcdatamodel */,
			);
			currentVersion = 2DCE73CA2087E8A100B986E4 /* HumanLearning.xcdatamodel */;
			path = HumanLearning.xcdatamodeld;
			sourceTree = "<group>";
			versionGroupType = wrapper.xcdatamodel;
		};
/* End XCVersionGroup section */
	};
	rootObject = 2DCE73B72087E8A100B986E4 /* Project object */;
}
